{
  "name": "seo",
  "lockfileVersion": 3,
  "requires": true,
  "packages": {
    "": {
      "dependencies": {
        "@nurkamol/seo-audit": "github:nurkamol/seo-audit#v1.40.1"
      }
    },
    "node_modules/@nurkamol/seo-audit": {
      "version": "1.40.1",
      "resolved": "git+ssh://git@github.com/nurkamol/seo-audit.git#754242d5485ba3af7795e334bfc7cf75ce3c48a9",
      "license": "MIT",
      "bin": {
        "seo-audit": "bin/seo-audit.mjs"
      },
      "engines": {
        "node": ">=18"
      }
    }
  }
}
